// !$*UTF8*$!
{
	archiveVersion = 1;
	classes = {
	};
	objectVersion = 46;
	objects = {

/* Begin PBXBuildFile section */
		7B2C4F211E2BB73B00CEFDFE /* AppDelegate.swift in Sources */ = {isa = PBXBuildFile; fileRef = 7B2C4F201E2BB73B00CEFDFE /* AppDelegate.swift */; };
		7B2C4F231E2BB73B00CEFDFE /* ViewController.swift in Sources */ = {isa = PBXBuildFile; fileRef = 7B2C4F221E2BB73B00CEFDFE /* ViewController.swift */; };
		7B2C4F261E2BB73B00CEFDFE /* Main.storyboard in Resources */ = {isa = PBXBuildFile; fileRef = 7B2C4F241E2BB73B00CEFDFE /* Main.storyboard */; };
		7B2C4F281E2BB73B00CEFDFE /* Assets.xcassets in Resources */ = {isa = PBXBuildFile; fileRef = 7B2C4F271E2BB73B00CEFDFE /* Assets.xcassets */; };
		7B2C4F2B1E2BB73B00CEFDFE /* LaunchScreen.storyboard in Resources */ = {isa = PBXBuildFile; fileRef = 7B2C4F291E2BB73B00CEFDFE /* LaunchScreen.storyboard */; };
		7B2C4F331E2BBF9800CEFDFE /* BlueCapKit.framework in Frameworks */ = {isa = PBXBuildFile; fileRef = 7B2C4F321E2BBF9800CEFDFE /* BlueCapKit.framework */; };
		7B2C4F361E2BC15200CEFDFE /* CoreBluetooth.framework in Frameworks */ = {isa = PBXBuildFile; fileRef = 7B2C4F351E2BC15200CEFDFE /* CoreBluetooth.framework */; };
		7B2C4F381E2BD0C400CEFDFE /* BlueCapKit.framework in Embed Frameworks */ = {isa = PBXBuildFile; fileRef = 7B2C4F321E2BBF9800CEFDFE /* BlueCapKit.framework */; settings = {ATTRIBUTES = (CodeSignOnCopy, RemoveHeadersOnCopy, ); }; };
/* End PBXBuildFile section */

/* Begin PBXCopyFilesBuildPhase section */
		7B2C4F391E2BD0C400CEFDFE /* Embed Frameworks */ = {
			isa = PBXCopyFilesBuildPhase;
			buildActionMask = 2147483647;
			dstPath = "";
			dstSubfolderSpec = 10;
			files = (
				7B2C4F381E2BD0C400CEFDFE /* BlueCapKit.framework in Embed Frameworks */,
			);
			name = "Embed Frameworks";
			runOnlyForDeploymentPostprocessing = 0;
		};
/* End PBXCopyFilesBuildPhase section */

/* Begin PBXFileReference section */
		7B2C4F1D1E2BB73B00CEFDFE /* BlueCap-iOS-Example.app */ = {isa = PBXFileReference; explicitFileType = wrapper.application; includeInIndex = 0; path = "BlueCap-iOS-Example.app"; sourceTree = BUILT_PRODUCTS_DIR; };
		7B2C4F201E2BB73B00CEFDFE /* AppDelegate.swift */ = {isa = PBXFileReference; lastKnownFileType = sourcecode.swift; path = AppDelegate.swift; sourceTree = "<group>"; };
		7B2C4F221E2BB73B00CEFDFE /* ViewController.swift */ = {isa = PBXFileReference; lastKnownFileType = sourcecode.swift; path = ViewController.swift; sourceTree = "<group>"; };
		7B2C4F251E2BB73B00CEFDFE /* Base */ = {isa = PBXFileReference; lastKnownFileType = file.storyboard; name = Base; path = Base.lproj/Main.storyboard; sourceTree = "<group>"; };
		7B2C4F271E2BB73B00CEFDFE /* Assets.xcassets */ = {isa = PBXFileReference; lastKnownFileType = folder.assetcatalog; path = Assets.xcassets; sourceTree = "<group>"; };
		7B2C4F2A1E2BB73B00CEFDFE /* Base */ = {isa = PBXFileReference; lastKnownFileType = file.storyboard; name = Base; path = Base.lproj/LaunchScreen.storyboard; sourceTree = "<group>"; };
		7B2C4F2C1E2BB73B00CEFDFE /* Info.plist */ = {isa = PBXFileReference; lastKnownFileType = text.plist.xml; path = Info.plist; sourceTree = "<group>"; };
		7B2C4F321E2BBF9800CEFDFE /* BlueCapKit.framework */ = {isa = PBXFileReference; lastKnownFileType = wrapper.framework; path = BlueCapKit.framework; sourceTree = "<group>"; };
		7B2C4F351E2BC15200CEFDFE /* CoreBluetooth.framework */ = {isa = PBXFileReference; lastKnownFileType = wrapper.framework; name = CoreBluetooth.framework; path = System/Library/Frameworks/CoreBluetooth.framework; sourceTree = SDKROOT; };
/* End PBXFileReference section */

/* Begin PBXFrameworksBuildPhase section */
		7B2C4F1A1E2BB73B00CEFDFE /* Frameworks */ = {
			isa = PBXFrameworksBuildPhase;
			buildActionMask = 2147483647;
			files = (
				7B2C4F361E2BC15200CEFDFE /* CoreBluetooth.framework in Frameworks */,
				7B2C4F331E2BBF9800CEFDFE /* BlueCapKit.framework in Frameworks */,
			);
			runOnlyForDeploymentPostprocessing = 0;
		};
/* End PBXFrameworksBuildPhase section */

/* Begin PBXGroup section */
		7B2C4F141E2BB73B00CEFDFE = {
			isa = PBXGroup;
			children = (
				7B2C4F1F1E2BB73B00CEFDFE /* BlueCap-iOS-Example */,
				7B2C4F1E1E2BB73B00CEFDFE /* Products */,
				7B2C4F341E2BC15200CEFDFE /* Frameworks */,
			);
			sourceTree = "<group>";
		};
		7B2C4F1E1E2BB73B00CEFDFE /* Products */ = {
			isa = PBXGroup;
			children = (
				7B2C4F1D1E2BB73B00CEFDFE /* BlueCap-iOS-Example.app */,
			);
			name = Products;
			sourceTree = "<group>";
		};
		7B2C4F1F1E2BB73B00CEFDFE /* BlueCap-iOS-Example */ = {
			isa = PBXGroup;
			children = (
				7B2C4F321E2BBF9800CEFDFE /* BlueCapKit.framework */,
				7B2C4F201E2BB73B00CEFDFE /* AppDelegate.swift */,
				7B2C4F221E2BB73B00CEFDFE /* ViewController.swift */,
				7B2C4F241E2BB73B00CEFDFE /* Main.storyboard */,
				7B2C4F271E2BB73B00CEFDFE /* Assets.xcassets */,
				7B2C4F291E2BB73B00CEFDFE /* LaunchScreen.storyboard */,
				7B2C4F2C1E2BB73B00CEFDFE /* Info.plist */,
			);
			path = "BlueCap-iOS-Example";
			sourceTree = "<group>";
		};
		7B2C4F341E2BC15200CEFDFE /* Frameworks */ = {
			isa = PBXGroup;
			children = (
				7B2C4F351E2BC15200CEFDFE /* CoreBluetooth.framework */,
			);
			name = Frameworks;
			sourceTree = "<group>";
		};
/* End PBXGroup section */

/* Begin PBXNativeTarget section */
		7B2C4F1C1E2BB73B00CEFDFE /* BlueCap-iOS-Example */ = {
			isa = PBXNativeTarget;
			buildConfigurationList = 7B2C4F2F1E2BB73B00CEFDFE /* Build configuration list for PBXNativeTarget "BlueCap-iOS-Example" */;
			buildPhases = (
				7B2C4F191E2BB73B00CEFDFE /* Sources */,
				7B2C4F1A1E2BB73B00CEFDFE /* Frameworks */,
				7B2C4F1B1E2BB73B00CEFDFE /* Resources */,
				7B2C4F391E2BD0C400CEFDFE /* Embed Frameworks */,
			);
			buildRules = (
			);
			dependencies = (
			);
			name = "BlueCap-iOS-Example";
			productName = "BlueCap-iOS-Example";
			productReference = 7B2C4F1D1E2BB73B00CEFDFE /* BlueCap-iOS-Example.app */;
			productType = "com.apple.product-type.application";
		};
/* End PBXNativeTarget section */

/* Begin PBXProject section */
		7B2C4F151E2BB73B00CEFDFE /* Project object */ = {
			isa = PBXProject;
			attributes = {
				LastSwiftUpdateCheck = 0820;
				LastUpgradeCheck = 0820;
				ORGANIZATIONNAME = "yassine benabbas";
				TargetAttributes = {
					7B2C4F1C1E2BB73B00CEFDFE = {
						CreatedOnToolsVersion = 8.2.1;
						DevelopmentTeam = 7MN26J482K;
						ProvisioningStyle = Automatic;
						SystemCapabilities = {
							com.apple.BackgroundModes = {
								enabled = 1;
							};
						};
					};
				};
			};
			buildConfigurationList = 7B2C4F181E2BB73B00CEFDFE /* Build configuration list for PBXProject "BlueCap-iOS-Example" */;
			compatibilityVersion = "Xcode 3.2";
			developmentRegion = English;
			hasScannedForEncodings = 0;
			knownRegions = (
				en,
				Base,
			);
			mainGroup = 7B2C4F141E2BB73B00CEFDFE;
			productRefGroup = 7B2C4F1E1E2BB73B00CEFDFE /* Products */;
			projectDirPath = "";
			projectRoot = "";
			targets = (
				7B2C4F1C1E2BB73B00CEFDFE /* BlueCap-iOS-Example */,
			);
		};
/* End PBXProject section */

/* Begin PBXResourcesBuildPhase section */
		7B2C4F1B1E2BB73B00CEFDFE /* Resources */ = {
			isa = PBXResourcesBuildPhase;
			buildActionMask = 2147483647;
			files = (
				7B2C4F2B1E2BB73B00CEFDFE /* LaunchScreen.storyboard in Resources */,
				7B2C4F281E2BB73B00CEFDFE /* Assets.xcassets in Resources */,
				7B2C4F261E2BB73B00CEFDFE /* Main.storyboard in Resources */,
			);
			runOnlyForDeploymentPostprocessing = 0;
		};
/* End PBXResourcesBuildPhase section */

/* Begin PBXSourcesBuildPhase section */
		7B2C4F191E2BB73B00CEFDFE /* Sources */ = {
			isa = PBXSourcesBuildPhase;
			buildActionMask = 2147483647;
			files = (
				7B2C4F231E2BB73B00CEFDFE /* ViewController.swift in Sources */,
				7B2C4F211E2BB73B00CEFDFE /* AppDelegate.swift in Sources */,
			);
			runOnlyForDeploymentPostprocessing = 0;
		};
/* End PBXSourcesBuildPhase section */

/* Begin PBXVariantGroup section */
		7B2C4F241E2BB73B00CEFDFE /* Main.storyboard */ = {
			isa = PBXVariantGroup;
			children = (
				7B2C4F251E2BB73B00CEFDFE /* Base */,
			);
			name = Main.storyboard;
			sourceTree = "<group>";
		};
		7B2C4F291E2BB73B00CEFDFE /* LaunchScreen.storyboard */ = {
			isa = PBXVariantGroup;
			children = (
				7B2C4F2A1E2BB73B00CEFDFE /* Base */,
			);
			name = LaunchScreen.storyboard;
			sourceTree = "<group>";
		};
/* End PBXVariantGroup section */

/* Begin XCBuildConfiguration section */
		7B2C4F2D1E2BB73B00CEFDFE /* Debug */ = {
			isa = XCBuildConfiguration;
			buildSettings = {
				ALWAYS_SEARCH_USER_PATHS = NO;
				CLANG_ANALYZER_NONNULL = YES;
				CLANG_CXX_LANGUAGE_STANDARD = "gnu++0x";
				CLANG_CXX_LIBRARY = "libc++";
				CLANG_ENABLE_MODULES = YES;
				CLANG_ENABLE_OBJC_ARC = YES;
				CLANG_WARN_BOOL_CONVERSION = YES;
				CLANG_WARN_CONSTANT_CONVERSION = YES;
				CLANG_WARN_DIRECT_OBJC_ISA_USAGE = YES_ERROR;
				CLANG_WARN_DOCUMENTATION_COMMENTS = YES;
				CLANG_WARN_EMPTY_BODY = YES;
				CLANG_WARN_ENUM_CONVERSION = YES;
				CLANG_WARN_INFINITE_RECURSION = YES;
				CLANG_WARN_INT_CONVERSION = YES;
				CLANG_WARN_OBJC_ROOT_CLASS = YES_ERROR;
				CLANG_WARN_SUSPICIOUS_MOVE = YES;
				CLANG_WARN_UNREACHABLE_CODE = YES;
				CLANG_WARN__DUPLICATE_METHOD_MATCH = YES;
				"CODE_SIGN_IDENTITY[sdk=iphoneos*]" = "iPhone Developer";
				COPY_PHASE_STRIP = NO;
				DEBUG_INFORMATION_FORMAT = dwarf;
				ENABLE_STRICT_OBJC_MSGSEND = YES;
				ENABLE_TESTABILITY = YES;
				GCC_C_LANGUAGE_STANDARD = gnu99;
				GCC_DYNAMIC_NO_PIC = NO;
				GCC_NO_COMMON_BLOCKS = YES;
				GCC_OPTIMIZATION_LEVEL = 0;
				GCC_PREPROCESSOR_DEFINITIONS = (
					"DEBUG=1",
					"$(inherited)",
				);
				GCC_WARN_64_TO_32_BIT_CONVERSION = YES;
				GCC_WARN_ABOUT_RETURN_TYPE = YES_ERROR;
				GCC_WARN_UNDECLARED_SELECTOR = YES;
				GCC_WARN_UNINITIALIZED_AUTOS = YES_AGGRESSIVE;
				GCC_WARN_UNUSED_FUNCTION = YES;
				GCC_WARN_UNUSED_VARIABLE = YES;
				IPHONEOS_DEPLOYMENT_TARGET = 10.2;
				MTL_ENABLE_DEBUG_INFO = YES;
				ONLY_ACTIVE_ARCH = YES;
				SDKROOT = iphoneos;
				SWIFT_ACTIVE_COMPILATION_CONDITIONS = DEBUG;
				SWIFT_OPTIMIZATION_LEVEL = "-Onone";
				TARGETED_DEVICE_FAMILY = "1,2";
			};
			name = Debug;
		};
		7B2C4F2E1E2BB73B00CEFDFE /* Release */ = {
			isa = XCBuildConfiguration;
			buildSettings = {
				ALWAYS_SEARCH_USER_PATHS = NO;
				CLANG_ANALYZER_NONNULL = YES;
				CLANG_CXX_LANGUAGE_STANDARD = "gnu++0x";
				CLANG_CXX_LIBRARY = "libc++";
				CLANG_ENABLE_MODULES = YES;
				CLANG_ENABLE_OBJC_ARC = YES;
				CLANG_WARN_BOOL_CONVERSION = YES;
				CLANG_WARN_CONSTANT_CONVERSION = YES;
				CLANG_WARN_DIRECT_OBJC_ISA_USAGE = YES_ERROR;
				CLANG_WARN_DOCUMENTATION_COMMENTS = YES;
				CLANG_WARN_EMPTY_BODY = YES;
				CLANG_WARN_ENUM_CONVERSION = YES;
				CLANG_WARN_INFINITE_RECURSION = YES;
				CLANG_WARN_INT_CONVERSION = YES;
				CLANG_WARN_OBJC_ROOT_CLASS = YES_ERROR;
				CLANG_WARN_SUSPICIOUS_MOVE = YES;
				CLANG_WARN_UNREACHABLE_CODE = YES;
				CLANG_WARN__DUPLICATE_METHOD_MATCH = YES;
				"CODE_SIGN_IDENTITY[sdk=iphoneos*]" = "iPhone Developer";
				COPY_PHASE_STRIP = NO;
				DEBUG_INFORMATION_FORMAT = "dwarf-with-dsym";
				ENABLE_NS_ASSERTIONS = NO;
				ENABLE_STRICT_OBJC_MSGSEND = YES;
				GCC_C_LANGUAGE_STANDARD = gnu99;
				GCC_NO_COMMON_BLOCKS = YES;
				GCC_WARN_64_TO_32_BIT_CONVERSION = YES;
				GCC_WARN_ABOUT_RETURN_TYPE = YES_ERROR;
				GCC_WARN_UNDECLARED_SELECTOR = YES;
				GCC_WARN_UNINITIALIZED_AUTOS = YES_AGGRESSIVE;
				GCC_WARN_UNUSED_FUNCTION = YES;
				GCC_WARN_UNUSED_VARIABLE = YES;
				IPHONEOS_DEPLOYMENT_TARGET = 10.2;
				MTL_ENABLE_DEBUG_INFO = NO;
				SDKROOT = iphoneos;
				SWIFT_OPTIMIZATION_LEVEL = "-Owholemodule";
				TARGETED_DEVICE_FAMILY = "1,2";
				VALIDATE_PRODUCT = YES;
			};
			name = Release;
		};
		7B2C4F301E2BB73B00CEFDFE /* Debug */ = {
			isa = XCBuildConfiguration;
			buildSettings = {
				ASSETCATALOG_COMPILER_APPICON_NAME = AppIcon;
				DEVELOPMENT_TEAM = 7MN26J482K;
				FRAMEWORK_SEARCH_PATHS = (
					"$(inherited)",
					"$(PROJECT_DIR)/BlueCap-iOS-Example",
				);
				INFOPLIST_FILE = "BlueCap-iOS-Example/Info.plist";
				LD_RUNPATH_SEARCH_PATHS = "$(inherited) @executable_path/Frameworks";
				PRODUCT_BUNDLE_IDENTIFIER = "org.yostane.ios.BlueCap-iOS-Example";
				PRODUCT_NAME = "$(TARGET_NAME)";
				SWIFT_VERSION = 3.0;
			};
			name = Debug;
		};
		7B2C4F311E2BB73B00CEFDFE /* Release */ = {
			isa = XCBuildConfiguration;
			buildSettings = {
				ASSETCATALOG_COMPILER_APPICON_NAME = AppIcon;
				DEVELOPMENT_TEAM = 7MN26J482K;
				FRAMEWORK_SEARCH_PATHS = (
					"$(inherited)",
					"$(PROJECT_DIR)/BlueCap-iOS-Example",
				);
				INFOPLIST_FILE = "BlueCap-iOS-Example/Info.plist";
				LD_RUNPATH_SEARCH_PATHS = "$(inherited) @executable_path/Frameworks";
				PRODUCT_BUNDLE_IDENTIFIER = "org.yostane.ios.BlueCap-iOS-Example";
				PRODUCT_NAME = "$(TARGET_NAME)";
				SWIFT_VERSION = 3.0;
			};
			name = Release;
		};
/* End XCBuildConfiguration section */

/* Begin XCConfigurationList section */
		7B2C4F181E2BB73B00CEFDFE /* Build configuration list for PBXProject "BlueCap-iOS-Example" */ = {
			isa = XCConfigurationList;
			buildConfigurations = (
				7B2C4F2D1E2BB73B00CEFDFE /* Debug */,
				7B2C4F2E1E2BB73B00CEFDFE /* Release */,
			);
			defaultConfigurationIsVisible = 0;
			defaultConfigurationName = Release;
		};
		7B2C4F2F1E2BB73B00CEFDFE /* Build configuration list for PBXNativeTarget "BlueCap-iOS-Example" */ = {
			isa = XCConfigurationList;
			buildConfigurations = (
				7B2C4F301E2BB73B00CEFDFE /* Debug */,
				7B2C4F311E2BB73B00CEFDFE /* Release */,
			);
			defaultConfigurationIsVisible = 0;
			defaultConfigurationName = Release;
		};
/* End XCConfigurationList section */
	};
	rootObject = 7B2C4F151E2BB73B00CEFDFE /* Project object */;
}
